// !$*UTF8*$!
{
	archiveVersion = 1;
	classes = {
	};
	objectVersion = 50;
	objects = {

/* Begin PBXBuildFile section */
		7609482D22203FD900C5B681 /* AnimationComponent.swift in Sources */ = {isa = PBXBuildFile; fileRef = 7609482C22203FD900C5B681 /* AnimationComponent.swift */; };
		760948302220497F00C5B681 /* AnimationComponent+Utils.swift in Sources */ = {isa = PBXBuildFile; fileRef = 7609482F2220497F00C5B681 /* AnimationComponent+Utils.swift */; };
		76094832222070E500C5B681 /* Roomers.xcassets in Resources */ = {isa = PBXBuildFile; fileRef = 76094831222070E500C5B681 /* Roomers.xcassets */; };
		760948342220754300C5B681 /* Slime.xcassets in Resources */ = {isa = PBXBuildFile; fileRef = 760948332220754300C5B681 /* Slime.xcassets */; };
		760948372220F0FB00C5B681 /* TeleportParticle.sks in Resources */ = {isa = PBXBuildFile; fileRef = 760948352220F0FB00C5B681 /* TeleportParticle.sks */; };
		760948382220F0FB00C5B681 /* Assets.xcassets in Resources */ = {isa = PBXBuildFile; fileRef = 760948362220F0FB00C5B681 /* Assets.xcassets */; };
		7622D3C7222460BE008AA2B2 /* background.wav in Resources */ = {isa = PBXBuildFile; fileRef = 7622D3C6222460BE008AA2B2 /* background.wav */; };
		7622D3CD22246511008AA2B2 /* checkIn_bell.wav in Resources */ = {isa = PBXBuildFile; fileRef = 7622D3CC22246511008AA2B2 /* checkIn_bell.wav */; };
		7622D3D522246592008AA2B2 /* checkOut_voice.wav in Resources */ = {isa = PBXBuildFile; fileRef = 7622D3CE22246591008AA2B2 /* checkOut_voice.wav */; };
		7622D3D622246592008AA2B2 /* angry_voice.wav in Resources */ = {isa = PBXBuildFile; fileRef = 7622D3CF22246591008AA2B2 /* angry_voice.wav */; };
		7622D3D722246592008AA2B2 /* clean_sound.wav in Resources */ = {isa = PBXBuildFile; fileRef = 7622D3D022246591008AA2B2 /* clean_sound.wav */; };
		7622D3D822246592008AA2B2 /* keyboard_sound.wav in Resources */ = {isa = PBXBuildFile; fileRef = 7622D3D122246592008AA2B2 /* keyboard_sound.wav */; };
		7622D3D922246592008AA2B2 /* door_knock.wav in Resources */ = {isa = PBXBuildFile; fileRef = 7622D3D222246592008AA2B2 /* door_knock.wav */; };
		7622D3DA22246592008AA2B2 /* teleport_sound.wav in Resources */ = {isa = PBXBuildFile; fileRef = 7622D3D322246592008AA2B2 /* teleport_sound.wav */; };
		7622D3DB22246592008AA2B2 /* roomService_voice.wav in Resources */ = {isa = PBXBuildFile; fileRef = 7622D3D422246592008AA2B2 /* roomService_voice.wav */; };
		7622D3DD22248497008AA2B2 /* GameWorld+Baloons.swift in Sources */ = {isa = PBXBuildFile; fileRef = 7622D3DC22248497008AA2B2 /* GameWorld+Baloons.swift */; };
		7650285E2215BB9E009A5CE4 /* Hotel.swift in Sources */ = {isa = PBXBuildFile; fileRef = 7650285D2215BB9E009A5CE4 /* Hotel.swift */; };
		76608BA022130E210023C29C /* AppDelegate.swift in Sources */ = {isa = PBXBuildFile; fileRef = 76608B9F22130E210023C29C /* AppDelegate.swift */; };
		76608BA222130E210023C29C /* GameScene.sks in Resources */ = {isa = PBXBuildFile; fileRef = 76608BA122130E210023C29C /* GameScene.sks */; };
		76608BA622130E210023C29C /* GameScene.swift in Sources */ = {isa = PBXBuildFile; fileRef = 76608BA522130E210023C29C /* GameScene.swift */; };
		76608BA822130E210023C29C /* GameViewController.swift in Sources */ = {isa = PBXBuildFile; fileRef = 76608BA722130E210023C29C /* GameViewController.swift */; };
		76608BAB22130E210023C29C /* Main.storyboard in Resources */ = {isa = PBXBuildFile; fileRef = 76608BA922130E210023C29C /* Main.storyboard */; };
		76608BAD22130E230023C29C /* Assets.xcassets in Resources */ = {isa = PBXBuildFile; fileRef = 76608BAC22130E230023C29C /* Assets.xcassets */; };
		76608BBC221459930023C29C /* Staff.swift in Sources */ = {isa = PBXBuildFile; fileRef = 76608BBB221459930023C29C /* Staff.swift */; };
		76608BBE22145A780023C29C /* RenderComponent.swift in Sources */ = {isa = PBXBuildFile; fileRef = 76608BBD22145A780023C29C /* RenderComponent.swift */; };
		76608BC022145EA10023C29C /* MoveComponent.swift in Sources */ = {isa = PBXBuildFile; fileRef = 76608BBF22145EA10023C29C /* MoveComponent.swift */; };
		76608BC222146AC90023C29C /* EntityManager.swift in Sources */ = {isa = PBXBuildFile; fileRef = 76608BC122146AC90023C29C /* EntityManager.swift */; };
		76608BC4221478BE0023C29C /* MoveSystem.swift in Sources */ = {isa = PBXBuildFile; fileRef = 76608BC3221478BE0023C29C /* MoveSystem.swift */; };
		76608BC622147ACF0023C29C /* GameScene+Extesions.swift in Sources */ = {isa = PBXBuildFile; fileRef = 76608BC522147ACF0023C29C /* GameScene+Extesions.swift */; };
		76608BC8221487B60023C29C /* Roomer.swift in Sources */ = {isa = PBXBuildFile; fileRef = 76608BC7221487B60023C29C /* Roomer.swift */; };
		76608BCB221497190023C29C /* RoomerWaitState.swift in Sources */ = {isa = PBXBuildFile; fileRef = 76608BCA221497190023C29C /* RoomerWaitState.swift */; };
		76608BCD2214996C0023C29C /* RoomerGiveUpState.swift in Sources */ = {isa = PBXBuildFile; fileRef = 76608BCC2214996C0023C29C /* RoomerGiveUpState.swift */; };
		76608BCF22149A2E0023C29C /* RoomerAssistState.swift in Sources */ = {isa = PBXBuildFile; fileRef = 76608BCE22149A2E0023C29C /* RoomerAssistState.swift */; };
		76608BD122149A7D0023C29C /* RoomerRoomState.swift in Sources */ = {isa = PBXBuildFile; fileRef = 76608BD022149A7D0023C29C /* RoomerRoomState.swift */; };
		76608BD322149ACC0023C29C /* RoomerListnerState.swift in Sources */ = {isa = PBXBuildFile; fileRef = 76608BD222149ACC0023C29C /* RoomerListnerState.swift */; };
		76608BD522149AF40023C29C /* RoomerRoomServiceState.swift in Sources */ = {isa = PBXBuildFile; fileRef = 76608BD422149AF40023C29C /* RoomerRoomServiceState.swift */; };
		76608BD722149B2D0023C29C /* RoomerLeaveState.swift in Sources */ = {isa = PBXBuildFile; fileRef = 76608BD622149B2D0023C29C /* RoomerLeaveState.swift */; };
		76608BD922149B520023C29C /* RoomerGoOutState.swift in Sources */ = {isa = PBXBuildFile; fileRef = 76608BD822149B520023C29C /* RoomerGoOutState.swift */; };
		76608BDB2214A08E0023C29C /* Roomer+Extensions.swift in Sources */ = {isa = PBXBuildFile; fileRef = 76608BDA2214A08E0023C29C /* Roomer+Extensions.swift */; };
		7679F6072221A38F00E3C15E /* Items+Mop.swift in Sources */ = {isa = PBXBuildFile; fileRef = 7679F6062221A38F00E3C15E /* Items+Mop.swift */; };
		76D62AF32216F82B006A03DA /* Hotel+ControlQueue.swift in Sources */ = {isa = PBXBuildFile; fileRef = 76D62AF22216F82B006A03DA /* Hotel+ControlQueue.swift */; };
		76D62AF52216FD50006A03DA /* CGPoint+Extensions.swift in Sources */ = {isa = PBXBuildFile; fileRef = 76D62AF42216FD50006A03DA /* CGPoint+Extensions.swift */; };
		76D62AF722172CFA006A03DA /* RoomerArriveState.swift in Sources */ = {isa = PBXBuildFile; fileRef = 76D62AF622172CFA006A03DA /* RoomerArriveState.swift */; };
		76D62AFC221AE495006A03DA /* CategoryMask.swift in Sources */ = {isa = PBXBuildFile; fileRef = 76D62AFB221AE495006A03DA /* CategoryMask.swift */; };
		76D62AFE221AE8DC006A03DA /* PhysicsBoydComponent.swift in Sources */ = {isa = PBXBuildFile; fileRef = 76D62AFD221AE8DC006A03DA /* PhysicsBoydComponent.swift */; };
		76D62B00221AF13A006A03DA /* GameWorld.swift in Sources */ = {isa = PBXBuildFile; fileRef = 76D62AFF221AF13A006A03DA /* GameWorld.swift */; };
		76D62B06221AF49E006A03DA /* GameWorld+SKPhysicsContactDelegate.swift in Sources */ = {isa = PBXBuildFile; fileRef = 76D62B05221AF49E006A03DA /* GameWorld+SKPhysicsContactDelegate.swift */; };
		76D62B0C221B2D89006A03DA /* ServiceComponent.swift in Sources */ = {isa = PBXBuildFile; fileRef = 76D62B0B221B2D89006A03DA /* ServiceComponent.swift */; };
		76D62B0E221B2D96006A03DA /* InteractionComponent.swift in Sources */ = {isa = PBXBuildFile; fileRef = 76D62B0D221B2D96006A03DA /* InteractionComponent.swift */; };
		76D62B10221B38DF006A03DA /* AssistProtocol.swift in Sources */ = {isa = PBXBuildFile; fileRef = 76D62B0F221B38DF006A03DA /* AssistProtocol.swift */; };
		76D62B12221B3BD9006A03DA /* AssistEntity.swift in Sources */ = {isa = PBXBuildFile; fileRef = 76D62B11221B3BD9006A03DA /* AssistEntity.swift */; };
		76D62B16221B444C006A03DA /* InteractEntity.swift in Sources */ = {isa = PBXBuildFile; fileRef = 76D62B15221B444C006A03DA /* InteractEntity.swift */; };
		76D62B18221B4463006A03DA /* InteractDelegate.swift in Sources */ = {isa = PBXBuildFile; fileRef = 76D62B17221B4463006A03DA /* InteractDelegate.swift */; };
		76D62B1B221B44CA006A03DA /* Reception.swift in Sources */ = {isa = PBXBuildFile; fileRef = 76D62B1A221B44CA006A03DA /* Reception.swift */; };
		76D62B1D221B45C6006A03DA /* Reception+Protocols.swift in Sources */ = {isa = PBXBuildFile; fileRef = 76D62B1C221B45C6006A03DA /* Reception+Protocols.swift */; };
		76D62B20221B4F2E006A03DA /* Elevator.swift in Sources */ = {isa = PBXBuildFile; fileRef = 76D62B1F221B4F2E006A03DA /* Elevator.swift */; };
		76D62B22221B4FA8006A03DA /* Elevator+Protocols.swift in Sources */ = {isa = PBXBuildFile; fileRef = 76D62B21221B4FA8006A03DA /* Elevator+Protocols.swift */; };
		76D62B25221C3B74006A03DA /* Kitchen.swift in Sources */ = {isa = PBXBuildFile; fileRef = 76D62B24221C3B74006A03DA /* Kitchen.swift */; };
		76D62B27221C3CC6006A03DA /* Kitchen+Protocols.swift in Sources */ = {isa = PBXBuildFile; fileRef = 76D62B26221C3CC6006A03DA /* Kitchen+Protocols.swift */; };
		76D62B2B221C4074006A03DA /* Staff+DeliverService.swift in Sources */ = {isa = PBXBuildFile; fileRef = 76D62B2A221C4074006A03DA /* Staff+DeliverService.swift */; };
		76D62B2D221C49BF006A03DA /* LifeTimeComponent.swift in Sources */ = {isa = PBXBuildFile; fileRef = 76D62B2C221C49BF006A03DA /* LifeTimeComponent.swift */; };
		76D62B30221C4BE8006A03DA /* Items.swift in Sources */ = {isa = PBXBuildFile; fileRef = 76D62B2F221C4BE8006A03DA /* Items.swift */; };
		76D62B32221C4D92006A03DA /* Items+Extensions.swift in Sources */ = {isa = PBXBuildFile; fileRef = 76D62B31221C4D92006A03DA /* Items+Extensions.swift */; };
		76F618A0221CA45700B92A74 /* Staff+Control.swift in Sources */ = {isa = PBXBuildFile; fileRef = 76F6189F221CA45700B92A74 /* Staff+Control.swift */; };
		76F618A2221DDA4D00B92A74 /* ZPositions.swift in Sources */ = {isa = PBXBuildFile; fileRef = 76F618A1221DDA4D00B92A74 /* ZPositions.swift */; };
		76F618A5221DE0DB00B92A74 /* BackgroundHotelNode.swift in Sources */ = {isa = PBXBuildFile; fileRef = 76F618A4221DE0DB00B92A74 /* BackgroundHotelNode.swift */; };
		76F618A7221DE13A00B92A74 /* LugaggeCartNode.swift in Sources */ = {isa = PBXBuildFile; fileRef = 76F618A6221DE13A00B92A74 /* LugaggeCartNode.swift */; };
		76F618AA221EE17600B92A74 /* SpawnGoopComponent.swift in Sources */ = {isa = PBXBuildFile; fileRef = 76F618A9221EE17600B92A74 /* SpawnGoopComponent.swift */; };
		76F618AD221EE2DB00B92A74 /* EntityManager+SpawnControl.swift in Sources */ = {isa = PBXBuildFile; fileRef = 76F618AC221EE2DB00B92A74 /* EntityManager+SpawnControl.swift */; };
		76F618AF221F14C900B92A74 /* SpawnRoomerComponent.swift in Sources */ = {isa = PBXBuildFile; fileRef = 76F618AE221F14C900B92A74 /* SpawnRoomerComponent.swift */; };
		76F618B1221F212500B92A74 /* GameWorld+Prepare.swift in Sources */ = {isa = PBXBuildFile; fileRef = 76F618B0221F212500B92A74 /* GameWorld+Prepare.swift */; };
		FD0F59CD221C7BAD00856B2F /* EasyMultiPeerService.swift in Sources */ = {isa = PBXBuildFile; fileRef = FD0F59CA221C7BAD00856B2F /* EasyMultiPeerService.swift */; };
		FD0F59CE221C7BAD00856B2F /* EasyMultiPeerService+Extensions.swift in Sources */ = {isa = PBXBuildFile; fileRef = FD0F59CB221C7BAD00856B2F /* EasyMultiPeerService+Extensions.swift */; };
		FD0F59CF221C7BAD00856B2F /* EasyMultiPeerService+Protocols.swift in Sources */ = {isa = PBXBuildFile; fileRef = FD0F59CC221C7BAD00856B2F /* EasyMultiPeerService+Protocols.swift */; };
		FD7025C5221F343300DA7100 /* Player.swift in Sources */ = {isa = PBXBuildFile; fileRef = FD7025C4221F343300DA7100 /* Player.swift */; };
		FD7F66C922207DC1002AE5E9 /* Slime.xcassets in Resources */ = {isa = PBXBuildFile; fileRef = FD7F66C622207DC1002AE5E9 /* Slime.xcassets */; };
		FD7F66CA22207DC1002AE5E9 /* StarffAssets.xcassets in Resources */ = {isa = PBXBuildFile; fileRef = FD7F66C722207DC1002AE5E9 /* StarffAssets.xcassets */; };
		FD7F66CB22207DC1002AE5E9 /* Roomers.xcassets in Resources */ = {isa = PBXBuildFile; fileRef = FD7F66C822207DC1002AE5E9 /* Roomers.xcassets */; };
		FDA177C1221B42A600A8663D /* JoystickAction.swift in Sources */ = {isa = PBXBuildFile; fileRef = FDA177C0221B42A600A8663D /* JoystickAction.swift */; };
		FDFF24C72214BB4B00BF8593 /* Constants.swift in Sources */ = {isa = PBXBuildFile; fileRef = FDFF24C62214BB4B00BF8593 /* Constants.swift */; };
		FDFF24C92214C6B900BF8593 /* BallonComponent.swift in Sources */ = {isa = PBXBuildFile; fileRef = FDFF24C82214C6B900BF8593 /* BallonComponent.swift */; };
		FDFF24CB2215E18D00BF8593 /* Slime.swift in Sources */ = {isa = PBXBuildFile; fileRef = FDFF24CA2215E18D00BF8593 /* Slime.swift */; };
		FDFF24CE2215EAEB00BF8593 /* SlimeIdleState.swift in Sources */ = {isa = PBXBuildFile; fileRef = FDFF24CD2215EAEB00BF8593 /* SlimeIdleState.swift */; };
		FDFF24D02215EB9500BF8593 /* SlimeCrawlingState.swift in Sources */ = {isa = PBXBuildFile; fileRef = FDFF24CF2215EB9500BF8593 /* SlimeCrawlingState.swift */; };
		FDFF24D22215EE8900BF8593 /* Slime+Extensions.swift in Sources */ = {isa = PBXBuildFile; fileRef = FDFF24D12215EE8900BF8593 /* Slime+Extensions.swift */; };
		FDFF24F5221738EF00BF8593 /* Goop.swift in Sources */ = {isa = PBXBuildFile; fileRef = FDFF24F4221738EF00BF8593 /* Goop.swift */; };
		FDFF24FB221739A400BF8593 /* Goop+Extensions.swift in Sources */ = {isa = PBXBuildFile; fileRef = FDFF24FA221739A400BF8593 /* Goop+Extensions.swift */; };
		FDFF24FE221740EF00BF8593 /* GoopIdleState.swift in Sources */ = {isa = PBXBuildFile; fileRef = FDFF24FD221740EF00BF8593 /* GoopIdleState.swift */; };
		FDFF25002217414100BF8593 /* GoopCleanerState.swift in Sources */ = {isa = PBXBuildFile; fileRef = FDFF24FF2217414100BF8593 /* GoopCleanerState.swift */; };
/* End PBXBuildFile section */

/* Begin PBXFileReference section */
		7609482C22203FD900C5B681 /* AnimationComponent.swift */ = {isa = PBXFileReference; lastKnownFileType = sourcecode.swift; path = AnimationComponent.swift; sourceTree = "<group>"; };
		7609482F2220497F00C5B681 /* AnimationComponent+Utils.swift */ = {isa = PBXFileReference; lastKnownFileType = sourcecode.swift; path = "AnimationComponent+Utils.swift"; sourceTree = "<group>"; };
		76094831222070E500C5B681 /* Roomers.xcassets */ = {isa = PBXFileReference; lastKnownFileType = folder.assetcatalog; path = Roomers.xcassets; sourceTree = "<group>"; };
		760948332220754300C5B681 /* Slime.xcassets */ = {isa = PBXFileReference; lastKnownFileType = folder.assetcatalog; path = Slime.xcassets; sourceTree = "<group>"; };
		760948352220F0FB00C5B681 /* TeleportParticle.sks */ = {isa = PBXFileReference; lastKnownFileType = file.sks; path = TeleportParticle.sks; sourceTree = "<group>"; };
		760948362220F0FB00C5B681 /* Assets.xcassets */ = {isa = PBXFileReference; lastKnownFileType = folder.assetcatalog; path = Assets.xcassets; sourceTree = "<group>"; };
		7622D3C6222460BE008AA2B2 /* background.wav */ = {isa = PBXFileReference; lastKnownFileType = audio.wav; name = background.wav; path = ../../../../Desing/Sounds/background.wav; sourceTree = "<group>"; };
		7622D3CC22246511008AA2B2 /* checkIn_bell.wav */ = {isa = PBXFileReference; lastKnownFileType = audio.wav; name = checkIn_bell.wav; path = ../../../../Desing/Sounds/checkIn_bell.wav; sourceTree = "<group>"; };
		7622D3CE22246591008AA2B2 /* checkOut_voice.wav */ = {isa = PBXFileReference; lastKnownFileType = audio.wav; name = checkOut_voice.wav; path = ../../../../Desing/Sounds/checkOut_voice.wav; sourceTree = "<group>"; };
		7622D3CF22246591008AA2B2 /* angry_voice.wav */ = {isa = PBXFileReference; lastKnownFileType = audio.wav; name = angry_voice.wav; path = ../../../../Desing/Sounds/angry_voice.wav; sourceTree = "<group>"; };
		7622D3D022246591008AA2B2 /* clean_sound.wav */ = {isa = PBXFileReference; lastKnownFileType = audio.wav; name = clean_sound.wav; path = ../../../../Desing/Sounds/clean_sound.wav; sourceTree = "<group>"; };
		7622D3D122246592008AA2B2 /* keyboard_sound.wav */ = {isa = PBXFileReference; lastKnownFileType = audio.wav; name = keyboard_sound.wav; path = ../../../../Desing/Sounds/keyboard_sound.wav; sourceTree = "<group>"; };
		7622D3D222246592008AA2B2 /* door_knock.wav */ = {isa = PBXFileReference; lastKnownFileType = audio.wav; name = door_knock.wav; path = ../../../../Desing/Sounds/door_knock.wav; sourceTree = "<group>"; };
		7622D3D322246592008AA2B2 /* teleport_sound.wav */ = {isa = PBXFileReference; lastKnownFileType = audio.wav; name = teleport_sound.wav; path = ../../../../Desing/Sounds/teleport_sound.wav; sourceTree = "<group>"; };
		7622D3D422246592008AA2B2 /* roomService_voice.wav */ = {isa = PBXFileReference; lastKnownFileType = audio.wav; name = roomService_voice.wav; path = ../../../../Desing/Sounds/roomService_voice.wav; sourceTree = "<group>"; };
		7622D3DC22248497008AA2B2 /* GameWorld+Baloons.swift */ = {isa = PBXFileReference; lastKnownFileType = sourcecode.swift; path = "GameWorld+Baloons.swift"; sourceTree = "<group>"; };
		7650285D2215BB9E009A5CE4 /* Hotel.swift */ = {isa = PBXFileReference; lastKnownFileType = sourcecode.swift; path = Hotel.swift; sourceTree = "<group>"; };
		76608B9C22130E210023C29C /* ChaoticHotel-TvOS.app */ = {isa = PBXFileReference; explicitFileType = wrapper.application; includeInIndex = 0; path = "ChaoticHotel-TvOS.app"; sourceTree = BUILT_PRODUCTS_DIR; };
		76608B9F22130E210023C29C /* AppDelegate.swift */ = {isa = PBXFileReference; lastKnownFileType = sourcecode.swift; path = AppDelegate.swift; sourceTree = "<group>"; };
		76608BA122130E210023C29C /* GameScene.sks */ = {isa = PBXFileReference; lastKnownFileType = file.sks; path = GameScene.sks; sourceTree = "<group>"; };
		76608BA522130E210023C29C /* GameScene.swift */ = {isa = PBXFileReference; lastKnownFileType = sourcecode.swift; path = GameScene.swift; sourceTree = "<group>"; };
		76608BA722130E210023C29C /* GameViewController.swift */ = {isa = PBXFileReference; lastKnownFileType = sourcecode.swift; path = GameViewController.swift; sourceTree = "<group>"; };
		76608BAA22130E210023C29C /* Base */ = {isa = PBXFileReference; lastKnownFileType = file.storyboard; name = Base; path = Base.lproj/Main.storyboard; sourceTree = "<group>"; };
		76608BAC22130E230023C29C /* Assets.xcassets */ = {isa = PBXFileReference; lastKnownFileType = folder.assetcatalog; path = Assets.xcassets; sourceTree = "<group>"; };
		76608BAE22130E230023C29C /* Info.plist */ = {isa = PBXFileReference; lastKnownFileType = text.plist.xml; path = Info.plist; sourceTree = "<group>"; };
		76608BBB221459930023C29C /* Staff.swift */ = {isa = PBXFileReference; lastKnownFileType = sourcecode.swift; path = Staff.swift; sourceTree = "<group>"; };
		76608BBD22145A780023C29C /* RenderComponent.swift */ = {isa = PBXFileReference; lastKnownFileType = sourcecode.swift; path = RenderComponent.swift; sourceTree = "<group>"; };
		76608BBF22145EA10023C29C /* MoveComponent.swift */ = {isa = PBXFileReference; lastKnownFileType = sourcecode.swift; path = MoveComponent.swift; sourceTree = "<group>"; };
		76608BC122146AC90023C29C /* EntityManager.swift */ = {isa = PBXFileReference; lastKnownFileType = sourcecode.swift; path = EntityManager.swift; sourceTree = "<group>"; };
		76608BC3221478BE0023C29C /* MoveSystem.swift */ = {isa = PBXFileReference; lastKnownFileType = sourcecode.swift; path = MoveSystem.swift; sourceTree = "<group>"; };
		76608BC522147ACF0023C29C /* GameScene+Extesions.swift */ = {isa = PBXFileReference; lastKnownFileType = sourcecode.swift; path = "GameScene+Extesions.swift"; sourceTree = "<group>"; };
		76608BC7221487B60023C29C /* Roomer.swift */ = {isa = PBXFileReference; lastKnownFileType = sourcecode.swift; path = Roomer.swift; sourceTree = "<group>"; };
		76608BCA221497190023C29C /* RoomerWaitState.swift */ = {isa = PBXFileReference; lastKnownFileType = sourcecode.swift; path = RoomerWaitState.swift; sourceTree = "<group>"; };
		76608BCC2214996C0023C29C /* RoomerGiveUpState.swift */ = {isa = PBXFileReference; lastKnownFileType = sourcecode.swift; path = RoomerGiveUpState.swift; sourceTree = "<group>"; };
		76608BCE22149A2E0023C29C /* RoomerAssistState.swift */ = {isa = PBXFileReference; lastKnownFileType = sourcecode.swift; path = RoomerAssistState.swift; sourceTree = "<group>"; };
		76608BD022149A7D0023C29C /* RoomerRoomState.swift */ = {isa = PBXFileReference; lastKnownFileType = sourcecode.swift; path = RoomerRoomState.swift; sourceTree = "<group>"; };
		76608BD222149ACC0023C29C /* RoomerListnerState.swift */ = {isa = PBXFileReference; lastKnownFileType = sourcecode.swift; path = RoomerListnerState.swift; sourceTree = "<group>"; };
		76608BD422149AF40023C29C /* RoomerRoomServiceState.swift */ = {isa = PBXFileReference; lastKnownFileType = sourcecode.swift; path = RoomerRoomServiceState.swift; sourceTree = "<group>"; };
		76608BD622149B2D0023C29C /* RoomerLeaveState.swift */ = {isa = PBXFileReference; lastKnownFileType = sourcecode.swift; path = RoomerLeaveState.swift; sourceTree = "<group>"; };
		76608BD822149B520023C29C /* RoomerGoOutState.swift */ = {isa = PBXFileReference; lastKnownFileType = sourcecode.swift; path = RoomerGoOutState.swift; sourceTree = "<group>"; };
		76608BDA2214A08E0023C29C /* Roomer+Extensions.swift */ = {isa = PBXFileReference; lastKnownFileType = sourcecode.swift; path = "Roomer+Extensions.swift"; sourceTree = "<group>"; };
		7679F6062221A38F00E3C15E /* Items+Mop.swift */ = {isa = PBXFileReference; lastKnownFileType = sourcecode.swift; path = "Items+Mop.swift"; sourceTree = "<group>"; };
		76D62AF22216F82B006A03DA /* Hotel+ControlQueue.swift */ = {isa = PBXFileReference; lastKnownFileType = sourcecode.swift; path = "Hotel+ControlQueue.swift"; sourceTree = "<group>"; };
		76D62AF42216FD50006A03DA /* CGPoint+Extensions.swift */ = {isa = PBXFileReference; lastKnownFileType = sourcecode.swift; path = "CGPoint+Extensions.swift"; sourceTree = "<group>"; };
		76D62AF622172CFA006A03DA /* RoomerArriveState.swift */ = {isa = PBXFileReference; lastKnownFileType = sourcecode.swift; path = RoomerArriveState.swift; sourceTree = "<group>"; };
		76D62AFB221AE495006A03DA /* CategoryMask.swift */ = {isa = PBXFileReference; lastKnownFileType = sourcecode.swift; path = CategoryMask.swift; sourceTree = "<group>"; };
		76D62AFD221AE8DC006A03DA /* PhysicsBoydComponent.swift */ = {isa = PBXFileReference; lastKnownFileType = sourcecode.swift; path = PhysicsBoydComponent.swift; sourceTree = "<group>"; };
		76D62AFF221AF13A006A03DA /* GameWorld.swift */ = {isa = PBXFileReference; lastKnownFileType = sourcecode.swift; path = GameWorld.swift; sourceTree = "<group>"; };
		76D62B05221AF49E006A03DA /* GameWorld+SKPhysicsContactDelegate.swift */ = {isa = PBXFileReference; lastKnownFileType = sourcecode.swift; path = "GameWorld+SKPhysicsContactDelegate.swift"; sourceTree = "<group>"; };
		76D62B0B221B2D89006A03DA /* ServiceComponent.swift */ = {isa = PBXFileReference; lastKnownFileType = sourcecode.swift; path = ServiceComponent.swift; sourceTree = "<group>"; };
		76D62B0D221B2D96006A03DA /* InteractionComponent.swift */ = {isa = PBXFileReference; lastKnownFileType = sourcecode.swift; path = InteractionComponent.swift; sourceTree = "<group>"; };
		76D62B0F221B38DF006A03DA /* AssistProtocol.swift */ = {isa = PBXFileReference; lastKnownFileType = sourcecode.swift; path = AssistProtocol.swift; sourceTree = "<group>"; };
		76D62B11221B3BD9006A03DA /* AssistEntity.swift */ = {isa = PBXFileReference; lastKnownFileType = sourcecode.swift; path = AssistEntity.swift; sourceTree = "<group>"; };
		76D62B15221B444C006A03DA /* InteractEntity.swift */ = {isa = PBXFileReference; lastKnownFileType = sourcecode.swift; path = InteractEntity.swift; sourceTree = "<group>"; };
		76D62B17221B4463006A03DA /* InteractDelegate.swift */ = {isa = PBXFileReference; lastKnownFileType = sourcecode.swift; path = InteractDelegate.swift; sourceTree = "<group>"; };
		76D62B1A221B44CA006A03DA /* Reception.swift */ = {isa = PBXFileReference; lastKnownFileType = sourcecode.swift; path = Reception.swift; sourceTree = "<group>"; };
		76D62B1C221B45C6006A03DA /* Reception+Protocols.swift */ = {isa = PBXFileReference; lastKnownFileType = sourcecode.swift; path = "Reception+Protocols.swift"; sourceTree = "<group>"; };
		76D62B1F221B4F2E006A03DA /* Elevator.swift */ = {isa = PBXFileReference; lastKnownFileType = sourcecode.swift; path = Elevator.swift; sourceTree = "<group>"; };
		76D62B21221B4FA8006A03DA /* Elevator+Protocols.swift */ = {isa = PBXFileReference; lastKnownFileType = sourcecode.swift; path = "Elevator+Protocols.swift"; sourceTree = "<group>"; };
		76D62B24221C3B74006A03DA /* Kitchen.swift */ = {isa = PBXFileReference; lastKnownFileType = sourcecode.swift; path = Kitchen.swift; sourceTree = "<group>"; };
		76D62B26221C3CC6006A03DA /* Kitchen+Protocols.swift */ = {isa = PBXFileReference; lastKnownFileType = sourcecode.swift; path = "Kitchen+Protocols.swift"; sourceTree = "<group>"; };
		76D62B2A221C4074006A03DA /* Staff+DeliverService.swift */ = {isa = PBXFileReference; lastKnownFileType = sourcecode.swift; path = "Staff+DeliverService.swift"; sourceTree = "<group>"; };
		76D62B2C221C49BF006A03DA /* LifeTimeComponent.swift */ = {isa = PBXFileReference; lastKnownFileType = sourcecode.swift; path = LifeTimeComponent.swift; sourceTree = "<group>"; };
		76D62B2F221C4BE8006A03DA /* Items.swift */ = {isa = PBXFileReference; lastKnownFileType = sourcecode.swift; path = Items.swift; sourceTree = "<group>"; };
		76D62B31221C4D92006A03DA /* Items+Extensions.swift */ = {isa = PBXFileReference; lastKnownFileType = sourcecode.swift; path = "Items+Extensions.swift"; sourceTree = "<group>"; };
		76F6189F221CA45700B92A74 /* Staff+Control.swift */ = {isa = PBXFileReference; lastKnownFileType = sourcecode.swift; path = "Staff+Control.swift"; sourceTree = "<group>"; };
		76F618A1221DDA4D00B92A74 /* ZPositions.swift */ = {isa = PBXFileReference; lastKnownFileType = sourcecode.swift; path = ZPositions.swift; sourceTree = "<group>"; };
		76F618A4221DE0DB00B92A74 /* BackgroundHotelNode.swift */ = {isa = PBXFileReference; lastKnownFileType = sourcecode.swift; path = BackgroundHotelNode.swift; sourceTree = "<group>"; };
		76F618A6221DE13A00B92A74 /* LugaggeCartNode.swift */ = {isa = PBXFileReference; lastKnownFileType = sourcecode.swift; path = LugaggeCartNode.swift; sourceTree = "<group>"; };
		76F618A9221EE17600B92A74 /* SpawnGoopComponent.swift */ = {isa = PBXFileReference; lastKnownFileType = sourcecode.swift; path = SpawnGoopComponent.swift; sourceTree = "<group>"; };
		76F618AC221EE2DB00B92A74 /* EntityManager+SpawnControl.swift */ = {isa = PBXFileReference; lastKnownFileType = sourcecode.swift; path = "EntityManager+SpawnControl.swift"; sourceTree = "<group>"; };
		76F618AE221F14C900B92A74 /* SpawnRoomerComponent.swift */ = {isa = PBXFileReference; lastKnownFileType = sourcecode.swift; path = SpawnRoomerComponent.swift; sourceTree = "<group>"; };
		76F618B0221F212500B92A74 /* GameWorld+Prepare.swift */ = {isa = PBXFileReference; lastKnownFileType = sourcecode.swift; path = "GameWorld+Prepare.swift"; sourceTree = "<group>"; };
		FD0F59CA221C7BAD00856B2F /* EasyMultiPeerService.swift */ = {isa = PBXFileReference; fileEncoding = 4; lastKnownFileType = sourcecode.swift; path = EasyMultiPeerService.swift; sourceTree = "<group>"; };
		FD0F59CB221C7BAD00856B2F /* EasyMultiPeerService+Extensions.swift */ = {isa = PBXFileReference; fileEncoding = 4; lastKnownFileType = sourcecode.swift; path = "EasyMultiPeerService+Extensions.swift"; sourceTree = "<group>"; };
		FD0F59CC221C7BAD00856B2F /* EasyMultiPeerService+Protocols.swift */ = {isa = PBXFileReference; fileEncoding = 4; lastKnownFileType = sourcecode.swift; path = "EasyMultiPeerService+Protocols.swift"; sourceTree = "<group>"; };
		FD7025C4221F343300DA7100 /* Player.swift */ = {isa = PBXFileReference; lastKnownFileType = sourcecode.swift; path = Player.swift; sourceTree = "<group>"; };
		FD7F66C622207DC1002AE5E9 /* Slime.xcassets */ = {isa = PBXFileReference; lastKnownFileType = folder.assetcatalog; path = Slime.xcassets; sourceTree = "<group>"; };
		FD7F66C722207DC1002AE5E9 /* StarffAssets.xcassets */ = {isa = PBXFileReference; lastKnownFileType = folder.assetcatalog; path = StarffAssets.xcassets; sourceTree = "<group>"; };
		FD7F66C822207DC1002AE5E9 /* Roomers.xcassets */ = {isa = PBXFileReference; lastKnownFileType = folder.assetcatalog; path = Roomers.xcassets; sourceTree = "<group>"; };
		FDA177C0221B42A600A8663D /* JoystickAction.swift */ = {isa = PBXFileReference; lastKnownFileType = sourcecode.swift; path = JoystickAction.swift; sourceTree = "<group>"; };
		FDFF24C62214BB4B00BF8593 /* Constants.swift */ = {isa = PBXFileReference; lastKnownFileType = sourcecode.swift; path = Constants.swift; sourceTree = "<group>"; };
		FDFF24C82214C6B900BF8593 /* BallonComponent.swift */ = {isa = PBXFileReference; lastKnownFileType = sourcecode.swift; path = BallonComponent.swift; sourceTree = "<group>"; };
		FDFF24CA2215E18D00BF8593 /* Slime.swift */ = {isa = PBXFileReference; lastKnownFileType = sourcecode.swift; path = Slime.swift; sourceTree = "<group>"; };
		FDFF24CD2215EAEB00BF8593 /* SlimeIdleState.swift */ = {isa = PBXFileReference; lastKnownFileType = sourcecode.swift; path = SlimeIdleState.swift; sourceTree = "<group>"; };
		FDFF24CF2215EB9500BF8593 /* SlimeCrawlingState.swift */ = {isa = PBXFileReference; lastKnownFileType = sourcecode.swift; path = SlimeCrawlingState.swift; sourceTree = "<group>"; };
		FDFF24D12215EE8900BF8593 /* Slime+Extensions.swift */ = {isa = PBXFileReference; lastKnownFileType = sourcecode.swift; path = "Slime+Extensions.swift"; sourceTree = "<group>"; };
		FDFF24F4221738EF00BF8593 /* Goop.swift */ = {isa = PBXFileReference; lastKnownFileType = sourcecode.swift; path = Goop.swift; sourceTree = "<group>"; };
		FDFF24FA221739A400BF8593 /* Goop+Extensions.swift */ = {isa = PBXFileReference; lastKnownFileType = sourcecode.swift; path = "Goop+Extensions.swift"; sourceTree = "<group>"; };
		FDFF24FD221740EF00BF8593 /* GoopIdleState.swift */ = {isa = PBXFileReference; lastKnownFileType = sourcecode.swift; path = GoopIdleState.swift; sourceTree = "<group>"; };
		FDFF24FF2217414100BF8593 /* GoopCleanerState.swift */ = {isa = PBXFileReference; lastKnownFileType = sourcecode.swift; path = GoopCleanerState.swift; sourceTree = "<group>"; };
/* End PBXFileReference section */

/* Begin PBXFrameworksBuildPhase section */
		76608B9922130E210023C29C /* Frameworks */ = {
			isa = PBXFrameworksBuildPhase;
			buildActionMask = 2147483647;
			files = (
			);
			runOnlyForDeploymentPostprocessing = 0;
		};
/* End PBXFrameworksBuildPhase section */

/* Begin PBXGroup section */
		7609482E2220496100C5B681 /* animationComponent */ = {
			isa = PBXGroup;
			children = (
				7609482C22203FD900C5B681 /* AnimationComponent.swift */,
				7609482F2220497F00C5B681 /* AnimationComponent+Utils.swift */,
			);
			path = animationComponent;
			sourceTree = "<group>";
		};
		7622D3C5222460AA008AA2B2 /* Sounds */ = {
			isa = PBXGroup;
			children = (
				7622D3CF22246591008AA2B2 /* angry_voice.wav */,
				7622D3CE22246591008AA2B2 /* checkOut_voice.wav */,
				7622D3D022246591008AA2B2 /* clean_sound.wav */,
				7622D3D222246592008AA2B2 /* door_knock.wav */,
				7622D3D122246592008AA2B2 /* keyboard_sound.wav */,
				7622D3D422246592008AA2B2 /* roomService_voice.wav */,
				7622D3D322246592008AA2B2 /* teleport_sound.wav */,
				7622D3CC22246511008AA2B2 /* checkIn_bell.wav */,
				7622D3C6222460BE008AA2B2 /* background.wav */,
			);
			path = Sounds;
			sourceTree = "<group>";
		};
		76608B9322130E210023C29C = {
			isa = PBXGroup;
			children = (
				76608B9E22130E210023C29C /* ChaoticHotel-TvOS */,
				76608B9D22130E210023C29C /* Products */,
				FD0BF2A12220831F0038C428 /* Recovered References */,
			);
			sourceTree = "<group>";
		};
		76608B9D22130E210023C29C /* Products */ = {
			isa = PBXGroup;
			children = (
				76608B9C22130E210023C29C /* ChaoticHotel-TvOS.app */,
			);
			name = Products;
			sourceTree = "<group>";
		};
		76608B9E22130E210023C29C /* ChaoticHotel-TvOS */ = {
			isa = PBXGroup;
			children = (
				7622D3C5222460AA008AA2B2 /* Sounds */,
				FD7F66C522207DC1002AE5E9 /* Assets */,
				FD0F59C3221C7B5F00856B2F /* Connectivity */,
				76608BB722130F2B0023C29C /* Model */,
				76608BB422130E4F0023C29C /* View */,
				76608BB522130E580023C29C /* Controller */,
				76608BB822130F300023C29C /* Entities */,
				76608BB922130F360023C29C /* Components */,
				76608BB622130F120023C29C /* Settings */,
				76608BAC22130E230023C29C /* Assets.xcassets */,
				76608BAE22130E230023C29C /* Info.plist */,
			);
			path = "ChaoticHotel-TvOS";
			sourceTree = "<group>";
		};
		76608BB422130E4F0023C29C /* View */ = {
			isa = PBXGroup;
			children = (
				76608BA122130E210023C29C /* GameScene.sks */,
				76608BA922130E210023C29C /* Main.storyboard */,
			);
			path = View;
			sourceTree = "<group>";
		};
		76608BB522130E580023C29C /* Controller */ = {
			isa = PBXGroup;
			children = (
				FDA177BF221B429A00A8663D /* joystick */,
				76608BA522130E210023C29C /* GameScene.swift */,
				76608BC522147ACF0023C29C /* GameScene+Extesions.swift */,
				76608BA722130E210023C29C /* GameViewController.swift */,
			);
			path = Controller;
			sourceTree = "<group>";
		};
		76608BB622130F120023C29C /* Settings */ = {
			isa = PBXGroup;
			children = (
				76608B9F22130E210023C29C /* AppDelegate.swift */,
				FDFF24C62214BB4B00BF8593 /* Constants.swift */,
				76D62AF42216FD50006A03DA /* CGPoint+Extensions.swift */,
				76D62AFB221AE495006A03DA /* CategoryMask.swift */,
				76F618A1221DDA4D00B92A74 /* ZPositions.swift */,
			);
			path = Settings;
			sourceTree = "<group>";
		};
		76608BB722130F2B0023C29C /* Model */ = {
			isa = PBXGroup;
			children = (
				76F618A3221DE0B100B92A74 /* customNodes */,
				76D62B14221B4434006A03DA /* interact */,
				76D62B13221B442A006A03DA /* assist */,
				FD7025C4221F343300DA7100 /* Player.swift */,
			);
			path = Model;
			sourceTree = "<group>";
		};
		76608BB822130F300023C29C /* Entities */ = {
			isa = PBXGroup;
			children = (
				76D62B2E221C4BC5006A03DA /* items */,
				76D62B23221C3B4E006A03DA /* kitchen */,
				76D62B1E221B4F1D006A03DA /* elevator */,
				76F618AB221EE2B500B92A74 /* entityManager */,
				76D62B19221B44BF006A03DA /* reception */,
				FDFF24F82217398900BF8593 /* goop */,
				FDFF24F62217396A00BF8593 /* slime */,
				76D62B04221AF33A006A03DA /* staff */,
				76D62B01221AF317006A03DA /* roomer */,
				76D62B02221AF326006A03DA /* hotel */,
				76D62B03221AF32F006A03DA /* game world */,
			);
			path = Entities;
			sourceTree = "<group>";
		};
		76608BB922130F360023C29C /* Components */ = {
			isa = PBXGroup;
			children = (
				76F618A8221EE16300B92A74 /* slime */,
				FDFF24FC2217405800BF8593 /* IntelligenceComponent States (Goop) */,
				76608BC92214968F0023C29C /* IntelligenceComponent States (Roomer) */,
				76608BBD22145A780023C29C /* RenderComponent.swift */,
				76608BBF22145EA10023C29C /* MoveComponent.swift */,
				76608BC3221478BE0023C29C /* MoveSystem.swift */,
				FDFF24C82214C6B900BF8593 /* BallonComponent.swift */,
				76D62AFD221AE8DC006A03DA /* PhysicsBoydComponent.swift */,
				76D62B0B221B2D89006A03DA /* ServiceComponent.swift */,
				76D62B0D221B2D96006A03DA /* InteractionComponent.swift */,
				76D62B2C221C49BF006A03DA /* LifeTimeComponent.swift */,
				76F618AE221F14C900B92A74 /* SpawnRoomerComponent.swift */,
				7609482E2220496100C5B681 /* animationComponent */,
			);
			path = Components;
			sourceTree = "<group>";
		};
		76608BC92214968F0023C29C /* IntelligenceComponent States (Roomer) */ = {
			isa = PBXGroup;
			children = (
				76608BD222149ACC0023C29C /* RoomerListnerState.swift */,
				76608BCC2214996C0023C29C /* RoomerGiveUpState.swift */,
				76608BCE22149A2E0023C29C /* RoomerAssistState.swift */,
				76608BD022149A7D0023C29C /* RoomerRoomState.swift */,
				76608BCA221497190023C29C /* RoomerWaitState.swift */,
				76608BD422149AF40023C29C /* RoomerRoomServiceState.swift */,
				76608BD622149B2D0023C29C /* RoomerLeaveState.swift */,
				76608BD822149B520023C29C /* RoomerGoOutState.swift */,
				76D62AF622172CFA006A03DA /* RoomerArriveState.swift */,
			);
			path = "IntelligenceComponent States (Roomer)";
			sourceTree = "<group>";
		};
		76D62B01221AF317006A03DA /* roomer */ = {
			isa = PBXGroup;
			children = (
				76608BC7221487B60023C29C /* Roomer.swift */,
				76608BDA2214A08E0023C29C /* Roomer+Extensions.swift */,
			);
			path = roomer;
			sourceTree = "<group>";
		};
		76D62B02221AF326006A03DA /* hotel */ = {
			isa = PBXGroup;
			children = (
				7650285D2215BB9E009A5CE4 /* Hotel.swift */,
				76D62AF22216F82B006A03DA /* Hotel+ControlQueue.swift */,
			);
			path = hotel;
			sourceTree = "<group>";
		};
		76D62B03221AF32F006A03DA /* game world */ = {
			isa = PBXGroup;
			children = (
				76D62AFF221AF13A006A03DA /* GameWorld.swift */,
				76D62B05221AF49E006A03DA /* GameWorld+SKPhysicsContactDelegate.swift */,
				76F618B0221F212500B92A74 /* GameWorld+Prepare.swift */,
				7622D3DC22248497008AA2B2 /* GameWorld+Baloons.swift */,
			);
			path = "game world";
			sourceTree = "<group>";
		};
		76D62B04221AF33A006A03DA /* staff */ = {
			isa = PBXGroup;
			children = (
				76608BBB221459930023C29C /* Staff.swift */,
				76D62B2A221C4074006A03DA /* Staff+DeliverService.swift */,
				76F6189F221CA45700B92A74 /* Staff+Control.swift */,
			);
			path = staff;
			sourceTree = "<group>";
		};
		76D62B13221B442A006A03DA /* assist */ = {
			isa = PBXGroup;
			children = (
				76D62B0F221B38DF006A03DA /* AssistProtocol.swift */,
				76D62B11221B3BD9006A03DA /* AssistEntity.swift */,
			);
			path = assist;
			sourceTree = "<group>";
		};
		76D62B14221B4434006A03DA /* interact */ = {
			isa = PBXGroup;
			children = (
				76D62B15221B444C006A03DA /* InteractEntity.swift */,
				76D62B17221B4463006A03DA /* InteractDelegate.swift */,
			);
			path = interact;
			sourceTree = "<group>";
		};
		76D62B19221B44BF006A03DA /* reception */ = {
			isa = PBXGroup;
			children = (
				76D62B1A221B44CA006A03DA /* Reception.swift */,
				76D62B1C221B45C6006A03DA /* Reception+Protocols.swift */,
			);
			path = reception;
			sourceTree = "<group>";
		};
		76D62B1E221B4F1D006A03DA /* elevator */ = {
			isa = PBXGroup;
			children = (
				76D62B1F221B4F2E006A03DA /* Elevator.swift */,
				76D62B21221B4FA8006A03DA /* Elevator+Protocols.swift */,
			);
			path = elevator;
			sourceTree = "<group>";
		};
		76D62B23221C3B4E006A03DA /* kitchen */ = {
			isa = PBXGroup;
			children = (
				76D62B24221C3B74006A03DA /* Kitchen.swift */,
				76D62B26221C3CC6006A03DA /* Kitchen+Protocols.swift */,
			);
			path = kitchen;
			sourceTree = "<group>";
		};
		76D62B2E221C4BC5006A03DA /* items */ = {
			isa = PBXGroup;
			children = (
				76D62B2F221C4BE8006A03DA /* Items.swift */,
				76D62B31221C4D92006A03DA /* Items+Extensions.swift */,
				7679F6062221A38F00E3C15E /* Items+Mop.swift */,
			);
			path = items;
			sourceTree = "<group>";
		};
		76F618A3221DE0B100B92A74 /* customNodes */ = {
			isa = PBXGroup;
			children = (
				76F618A4221DE0DB00B92A74 /* BackgroundHotelNode.swift */,
				76F618A6221DE13A00B92A74 /* LugaggeCartNode.swift */,
			);
			path = customNodes;
			sourceTree = "<group>";
		};
		76F618A8221EE16300B92A74 /* slime */ = {
			isa = PBXGroup;
			children = (
				FDFF24CC2215E98F00BF8593 /* IntelligenceComponent States (Slime) */,
				76F618A9221EE17600B92A74 /* SpawnGoopComponent.swift */,
			);
			path = slime;
			sourceTree = "<group>";
		};
		76F618AB221EE2B500B92A74 /* entityManager */ = {
			isa = PBXGroup;
			children = (
				76608BC122146AC90023C29C /* EntityManager.swift */,
				76F618AC221EE2DB00B92A74 /* EntityManager+SpawnControl.swift */,
			);
			path = entityManager;
			sourceTree = "<group>";
		};
		FD0BF2A12220831F0038C428 /* Recovered References */ = {
			isa = PBXGroup;
			children = (
				760948332220754300C5B681 /* Slime.xcassets */,
				76094831222070E500C5B681 /* Roomers.xcassets */,
			);
			name = "Recovered References";
			sourceTree = "<group>";
		};
		FD0F59C3221C7B5F00856B2F /* Connectivity */ = {
			isa = PBXGroup;
			children = (
				FD0F59CA221C7BAD00856B2F /* EasyMultiPeerService.swift */,
				FD0F59CB221C7BAD00856B2F /* EasyMultiPeerService+Extensions.swift */,
				FD0F59CC221C7BAD00856B2F /* EasyMultiPeerService+Protocols.swift */,
			);
			path = Connectivity;
			sourceTree = "<group>";
		};
		FD7F66C522207DC1002AE5E9 /* Assets */ = {
			isa = PBXGroup;
			children = (
				FD7F66C622207DC1002AE5E9 /* Slime.xcassets */,
				FD7F66C722207DC1002AE5E9 /* StarffAssets.xcassets */,
				FD7F66C822207DC1002AE5E9 /* Roomers.xcassets */,
				760948352220F0FB00C5B681 /* TeleportParticle.sks */,
				760948362220F0FB00C5B681 /* Assets.xcassets */,
			);
			path = Assets;
			sourceTree = "<group>";
		};
		FDA177BF221B429A00A8663D /* joystick */ = {
			isa = PBXGroup;
			children = (
				FDA177C0221B42A600A8663D /* JoystickAction.swift */,
			);
			path = joystick;
			sourceTree = "<group>";
		};
		FDFF24CC2215E98F00BF8593 /* IntelligenceComponent States (Slime) */ = {
			isa = PBXGroup;
			children = (
				FDFF24CD2215EAEB00BF8593 /* SlimeIdleState.swift */,
				FDFF24CF2215EB9500BF8593 /* SlimeCrawlingState.swift */,
			);
			path = "IntelligenceComponent States (Slime)";
			sourceTree = "<group>";
		};
		FDFF24F62217396A00BF8593 /* slime */ = {
			isa = PBXGroup;
			children = (
				FDFF24CA2215E18D00BF8593 /* Slime.swift */,
				FDFF24D12215EE8900BF8593 /* Slime+Extensions.swift */,
			);
			path = slime;
			sourceTree = "<group>";
		};
		FDFF24F82217398900BF8593 /* goop */ = {
			isa = PBXGroup;
			children = (
				FDFF24F4221738EF00BF8593 /* Goop.swift */,
				FDFF24FA221739A400BF8593 /* Goop+Extensions.swift */,
			);
			path = goop;
			sourceTree = "<group>";
		};
		FDFF24FC2217405800BF8593 /* IntelligenceComponent States (Goop) */ = {
			isa = PBXGroup;
			children = (
				FDFF24FD221740EF00BF8593 /* GoopIdleState.swift */,
				FDFF24FF2217414100BF8593 /* GoopCleanerState.swift */,
			);
			path = "IntelligenceComponent States (Goop)";
			sourceTree = "<group>";
		};
/* End PBXGroup section */

/* Begin PBXNativeTarget section */
		76608B9B22130E210023C29C /* ChaoticHotel-TvOS */ = {
			isa = PBXNativeTarget;
			buildConfigurationList = 76608BB122130E230023C29C /* Build configuration list for PBXNativeTarget "ChaoticHotel-TvOS" */;
			buildPhases = (
				76608B9822130E210023C29C /* Sources */,
				76608B9922130E210023C29C /* Frameworks */,
				76608B9A22130E210023C29C /* Resources */,
				76608BBA221312AF0023C29C /* ShellScript */,
			);
			buildRules = (
			);
			dependencies = (
			);
			name = "ChaoticHotel-TvOS";
			productName = "ChaoticHotel-TvOS";
			productReference = 76608B9C22130E210023C29C /* ChaoticHotel-TvOS.app */;
			productType = "com.apple.product-type.application";
		};
/* End PBXNativeTarget section */

/* Begin PBXProject section */
		76608B9422130E210023C29C /* Project object */ = {
			isa = PBXProject;
			attributes = {
				LastSwiftUpdateCheck = 1010;
				LastUpgradeCheck = 1010;
				ORGANIZATIONNAME = "FF Studio";
				TargetAttributes = {
					76608B9B22130E210023C29C = {
						CreatedOnToolsVersion = 10.1;
					};
				};
			};
			buildConfigurationList = 76608B9722130E210023C29C /* Build configuration list for PBXProject "ChaoticHotel-TvOS" */;
			compatibilityVersion = "Xcode 9.3";
			developmentRegion = en;
			hasScannedForEncodings = 0;
			knownRegions = (
				en,
				Base,
			);
			mainGroup = 76608B9322130E210023C29C;
			productRefGroup = 76608B9D22130E210023C29C /* Products */;
			projectDirPath = "";
			projectRoot = "";
			targets = (
				76608B9B22130E210023C29C /* ChaoticHotel-TvOS */,
			);
		};
/* End PBXProject section */

/* Begin PBXResourcesBuildPhase section */
		76608B9A22130E210023C29C /* Resources */ = {
			isa = PBXResourcesBuildPhase;
			buildActionMask = 2147483647;
			files = (
				FD7F66CA22207DC1002AE5E9 /* StarffAssets.xcassets in Resources */,
				7622D3D622246592008AA2B2 /* angry_voice.wav in Resources */,
				760948372220F0FB00C5B681 /* TeleportParticle.sks in Resources */,
				7622D3DA22246592008AA2B2 /* teleport_sound.wav in Resources */,
				FD7F66CB22207DC1002AE5E9 /* Roomers.xcassets in Resources */,
				FD7F66C922207DC1002AE5E9 /* Slime.xcassets in Resources */,
				760948382220F0FB00C5B681 /* Assets.xcassets in Resources */,
				76608BAB22130E210023C29C /* Main.storyboard in Resources */,
				7622D3D822246592008AA2B2 /* keyboard_sound.wav in Resources */,
				76608BA222130E210023C29C /* GameScene.sks in Resources */,
				7622D3D922246592008AA2B2 /* door_knock.wav in Resources */,
				7622D3CD22246511008AA2B2 /* checkIn_bell.wav in Resources */,
				7622D3D522246592008AA2B2 /* checkOut_voice.wav in Resources */,
				760948342220754300C5B681 /* Slime.xcassets in Resources */,
				7622D3D722246592008AA2B2 /* clean_sound.wav in Resources */,
				7622D3C7222460BE008AA2B2 /* background.wav in Resources */,
				7622D3DB22246592008AA2B2 /* roomService_voice.wav in Resources */,
				76094832222070E500C5B681 /* Roomers.xcassets in Resources */,
				76608BAD22130E230023C29C /* Assets.xcassets in Resources */,
			);
			runOnlyForDeploymentPostprocessing = 0;
		};
/* End PBXResourcesBuildPhase section */

/* Begin PBXShellScriptBuildPhase section */
		76608BBA221312AF0023C29C /* ShellScript */ = {
			isa = PBXShellScriptBuildPhase;
			buildActionMask = 2147483647;
			files = (
			);
			inputFileListPaths = (
			);
			inputPaths = (
			);
			outputFileListPaths = (
			);
			outputPaths = (
			);
			runOnlyForDeploymentPostprocessing = 0;
			shellPath = /bin/sh;
			shellScript = "# Type a script or drag a script file from your workspace to insert its path.\n\nif which swiftlint >/dev/null; then\n    swiftlint\nelse\n    echo \"warning: SwiftLint not installed, download from https://github.com/realm/SwiftLint\"\nfi\n";
		};
/* End PBXShellScriptBuildPhase section */

/* Begin PBXSourcesBuildPhase section */
		76608B9822130E210023C29C /* Sources */ = {
			isa = PBXSourcesBuildPhase;
			buildActionMask = 2147483647;
			files = (
				76F618A0221CA45700B92A74 /* Staff+Control.swift in Sources */,
				76D62B20221B4F2E006A03DA /* Elevator.swift in Sources */,
				FD0F59CF221C7BAD00856B2F /* EasyMultiPeerService+Protocols.swift in Sources */,
				76D62AF722172CFA006A03DA /* RoomerArriveState.swift in Sources */,
				76D62AF32216F82B006A03DA /* Hotel+ControlQueue.swift in Sources */,
				7622D3DD22248497008AA2B2 /* GameWorld+Baloons.swift in Sources */,
				7679F6072221A38F00E3C15E /* Items+Mop.swift in Sources */,
				76F618A7221DE13A00B92A74 /* LugaggeCartNode.swift in Sources */,
				76D62B1B221B44CA006A03DA /* Reception.swift in Sources */,
				FDFF24CB2215E18D00BF8593 /* Slime.swift in Sources */,
				76608BC622147ACF0023C29C /* GameScene+Extesions.swift in Sources */,
				FDFF24D02215EB9500BF8593 /* SlimeCrawlingState.swift in Sources */,
				76608BA622130E210023C29C /* GameScene.swift in Sources */,
				76608BC222146AC90023C29C /* EntityManager.swift in Sources */,
				76D62B12221B3BD9006A03DA /* AssistEntity.swift in Sources */,
				FDFF24FE221740EF00BF8593 /* GoopIdleState.swift in Sources */,
				76608BCD2214996C0023C29C /* RoomerGiveUpState.swift in Sources */,
				76D62B25221C3B74006A03DA /* Kitchen.swift in Sources */,
				760948302220497F00C5B681 /* AnimationComponent+Utils.swift in Sources */,
				76D62AFC221AE495006A03DA /* CategoryMask.swift in Sources */,
				FD0F59CD221C7BAD00856B2F /* EasyMultiPeerService.swift in Sources */,
				76D62AF52216FD50006A03DA /* CGPoint+Extensions.swift in Sources */,
				76F618A5221DE0DB00B92A74 /* BackgroundHotelNode.swift in Sources */,
				76D62B1D221B45C6006A03DA /* Reception+Protocols.swift in Sources */,
				76D62B2D221C49BF006A03DA /* LifeTimeComponent.swift in Sources */,
				FD7025C5221F343300DA7100 /* Player.swift in Sources */,
				76608BBE22145A780023C29C /* RenderComponent.swift in Sources */,
				76D62B0C221B2D89006A03DA /* ServiceComponent.swift in Sources */,
				76D62B30221C4BE8006A03DA /* Items.swift in Sources */,
				76D62B18221B4463006A03DA /* InteractDelegate.swift in Sources */,
				76D62B16221B444C006A03DA /* InteractEntity.swift in Sources */,
				76608BD322149ACC0023C29C /* RoomerListnerState.swift in Sources */,
				FDFF24FB221739A400BF8593 /* Goop+Extensions.swift in Sources */,
				76D62AFE221AE8DC006A03DA /* PhysicsBoydComponent.swift in Sources */,
				76D62B0E221B2D96006A03DA /* InteractionComponent.swift in Sources */,
				76D62B27221C3CC6006A03DA /* Kitchen+Protocols.swift in Sources */,
				7609482D22203FD900C5B681 /* AnimationComponent.swift in Sources */,
				76608BD922149B520023C29C /* RoomerGoOutState.swift in Sources */,
				FDFF24F5221738EF00BF8593 /* Goop.swift in Sources */,
				76608BD722149B2D0023C29C /* RoomerLeaveState.swift in Sources */,
				FDFF24C92214C6B900BF8593 /* BallonComponent.swift in Sources */,
				76608BA822130E210023C29C /* GameViewController.swift in Sources */,
				76D62B32221C4D92006A03DA /* Items+Extensions.swift in Sources */,
				7650285E2215BB9E009A5CE4 /* Hotel.swift in Sources */,
				76608BD122149A7D0023C29C /* RoomerRoomState.swift in Sources */,
				76F618A2221DDA4D00B92A74 /* ZPositions.swift in Sources */,
				76608BC8221487B60023C29C /* Roomer.swift in Sources */,
				76608BCF22149A2E0023C29C /* RoomerAssistState.swift in Sources */,
				76F618AF221F14C900B92A74 /* SpawnRoomerComponent.swift in Sources */,
				76D62B06221AF49E006A03DA /* GameWorld+SKPhysicsContactDelegate.swift in Sources */,
				76608BD522149AF40023C29C /* RoomerRoomServiceState.swift in Sources */,
				FDFF24CE2215EAEB00BF8593 /* SlimeIdleState.swift in Sources */,
				FD0F59CE221C7BAD00856B2F /* EasyMultiPeerService+Extensions.swift in Sources */,
				76F618AA221EE17600B92A74 /* SpawnGoopComponent.swift in Sources */,
				FDA177C1221B42A600A8663D /* JoystickAction.swift in Sources */,
				76608BBC221459930023C29C /* Staff.swift in Sources */,
				76D62B22221B4FA8006A03DA /* Elevator+Protocols.swift in Sources */,
				76D62B2B221C4074006A03DA /* Staff+DeliverService.swift in Sources */,
				76608BDB2214A08E0023C29C /* Roomer+Extensions.swift in Sources */,
				76D62B00221AF13A006A03DA /* GameWorld.swift in Sources */,
				FDFF24C72214BB4B00BF8593 /* Constants.swift in Sources */,
				76F618B1221F212500B92A74 /* GameWorld+Prepare.swift in Sources */,
				76608BCB221497190023C29C /* RoomerWaitState.swift in Sources */,
				76608BC022145EA10023C29C /* MoveComponent.swift in Sources */,
				76608BA022130E210023C29C /* AppDelegate.swift in Sources */,
				76D62B10221B38DF006A03DA /* AssistProtocol.swift in Sources */,
				FDFF25002217414100BF8593 /* GoopCleanerState.swift in Sources */,
				FDFF24D22215EE8900BF8593 /* Slime+Extensions.swift in Sources */,
				76608BC4221478BE0023C29C /* MoveSystem.swift in Sources */,
				76F618AD221EE2DB00B92A74 /* EntityManager+SpawnControl.swift in Sources */,
			);
			runOnlyForDeploymentPostprocessing = 0;
		};
/* End PBXSourcesBuildPhase section */

/* Begin PBXVariantGroup section */
		76608BA922130E210023C29C /* Main.storyboard */ = {
			isa = PBXVariantGroup;
			children = (
				76608BAA22130E210023C29C /* Base */,
			);
			name = Main.storyboard;
			sourceTree = "<group>";
		};
/* End PBXVariantGroup section */

/* Begin XCBuildConfiguration section */
		76608BAF22130E230023C29C /* Debug */ = {
			isa = XCBuildConfiguration;
			buildSettings = {
				ALWAYS_SEARCH_USER_PATHS = NO;
				CLANG_ANALYZER_NONNULL = YES;
				CLANG_ANALYZER_NUMBER_OBJECT_CONVERSION = YES_AGGRESSIVE;
				CLANG_CXX_LANGUAGE_STANDARD = "gnu++14";
				CLANG_CXX_LIBRARY = "libc++";
				CLANG_ENABLE_MODULES = YES;
				CLANG_ENABLE_OBJC_ARC = YES;
				CLANG_ENABLE_OBJC_WEAK = YES;
				CLANG_WARN_BLOCK_CAPTURE_AUTORELEASING = YES;
				CLANG_WARN_BOOL_CONVERSION = YES;
				CLANG_WARN_COMMA = YES;
				CLANG_WARN_CONSTANT_CONVERSION = YES;
				CLANG_WARN_DEPRECATED_OBJC_IMPLEMENTATIONS = YES;
				CLANG_WARN_DIRECT_OBJC_ISA_USAGE = YES_ERROR;
				CLANG_WARN_DOCUMENTATION_COMMENTS = YES;
				CLANG_WARN_EMPTY_BODY = YES;
				CLANG_WARN_ENUM_CONVERSION = YES;
				CLANG_WARN_INFINITE_RECURSION = YES;
				CLANG_WARN_INT_CONVERSION = YES;
				CLANG_WARN_NON_LITERAL_NULL_CONVERSION = YES;
				CLANG_WARN_OBJC_IMPLICIT_RETAIN_SELF = YES;
				CLANG_WARN_OBJC_LITERAL_CONVERSION = YES;
				CLANG_WARN_OBJC_ROOT_CLASS = YES_ERROR;
				CLANG_WARN_RANGE_LOOP_ANALYSIS = YES;
				CLANG_WARN_STRICT_PROTOTYPES = YES;
				CLANG_WARN_SUSPICIOUS_MOVE = YES;
				CLANG_WARN_UNGUARDED_AVAILABILITY = YES_AGGRESSIVE;
				CLANG_WARN_UNREACHABLE_CODE = YES;
				CLANG_WARN__DUPLICATE_METHOD_MATCH = YES;
				COPY_PHASE_STRIP = NO;
				DEBUG_INFORMATION_FORMAT = dwarf;
				ENABLE_STRICT_OBJC_MSGSEND = YES;
				ENABLE_TESTABILITY = YES;
				GCC_C_LANGUAGE_STANDARD = gnu11;
				GCC_DYNAMIC_NO_PIC = NO;
				GCC_NO_COMMON_BLOCKS = YES;
				GCC_OPTIMIZATION_LEVEL = 0;
				GCC_PREPROCESSOR_DEFINITIONS = (
					"DEBUG=1",
					"$(inherited)",
				);
				GCC_WARN_64_TO_32_BIT_CONVERSION = YES;
				GCC_WARN_ABOUT_RETURN_TYPE = YES_ERROR;
				GCC_WARN_UNDECLARED_SELECTOR = YES;
				GCC_WARN_UNINITIALIZED_AUTOS = YES_AGGRESSIVE;
				GCC_WARN_UNUSED_FUNCTION = YES;
				GCC_WARN_UNUSED_VARIABLE = YES;
				MTL_ENABLE_DEBUG_INFO = INCLUDE_SOURCE;
				MTL_FAST_MATH = YES;
				ONLY_ACTIVE_ARCH = YES;
				SDKROOT = appletvos;
				SWIFT_ACTIVE_COMPILATION_CONDITIONS = DEBUG;
				SWIFT_OPTIMIZATION_LEVEL = "-Onone";
				TVOS_DEPLOYMENT_TARGET = 12.1;
			};
			name = Debug;
		};
		76608BB022130E230023C29C /* Release */ = {
			isa = XCBuildConfiguration;
			buildSettings = {
				ALWAYS_SEARCH_USER_PATHS = NO;
				CLANG_ANALYZER_NONNULL = YES;
				CLANG_ANALYZER_NUMBER_OBJECT_CONVERSION = YES_AGGRESSIVE;
				CLANG_CXX_LANGUAGE_STANDARD = "gnu++14";
				CLANG_CXX_LIBRARY = "libc++";
				CLANG_ENABLE_MODULES = YES;
				CLANG_ENABLE_OBJC_ARC = YES;
				CLANG_ENABLE_OBJC_WEAK = YES;
				CLANG_WARN_BLOCK_CAPTURE_AUTORELEASING = YES;
				CLANG_WARN_BOOL_CONVERSION = YES;
				CLANG_WARN_COMMA = YES;
				CLANG_WARN_CONSTANT_CONVERSION = YES;
				CLANG_WARN_DEPRECATED_OBJC_IMPLEMENTATIONS = YES;
				CLANG_WARN_DIRECT_OBJC_ISA_USAGE = YES_ERROR;
				CLANG_WARN_DOCUMENTATION_COMMENTS = YES;
				CLANG_WARN_EMPTY_BODY = YES;
				CLANG_WARN_ENUM_CONVERSION = YES;
				CLANG_WARN_INFINITE_RECURSION = YES;
				CLANG_WARN_INT_CONVERSION = YES;
				CLANG_WARN_NON_LITERAL_NULL_CONVERSION = YES;
				CLANG_WARN_OBJC_IMPLICIT_RETAIN_SELF = YES;
				CLANG_WARN_OBJC_LITERAL_CONVERSION = YES;
				CLANG_WARN_OBJC_ROOT_CLASS = YES_ERROR;
				CLANG_WARN_RANGE_LOOP_ANALYSIS = YES;
				CLANG_WARN_STRICT_PROTOTYPES = YES;
				CLANG_WARN_SUSPICIOUS_MOVE = YES;
				CLANG_WARN_UNGUARDED_AVAILABILITY = YES_AGGRESSIVE;
				CLANG_WARN_UNREACHABLE_CODE = YES;
				CLANG_WARN__DUPLICATE_METHOD_MATCH = YES;
				COPY_PHASE_STRIP = NO;
				DEBUG_INFORMATION_FORMAT = "dwarf-with-dsym";
				ENABLE_NS_ASSERTIONS = NO;
				ENABLE_STRICT_OBJC_MSGSEND = YES;
				GCC_C_LANGUAGE_STANDARD = gnu11;
				GCC_NO_COMMON_BLOCKS = YES;
				GCC_WARN_64_TO_32_BIT_CONVERSION = YES;
				GCC_WARN_ABOUT_RETURN_TYPE = YES_ERROR;
				GCC_WARN_UNDECLARED_SELECTOR = YES;
				GCC_WARN_UNINITIALIZED_AUTOS = YES_AGGRESSIVE;
				GCC_WARN_UNUSED_FUNCTION = YES;
				GCC_WARN_UNUSED_VARIABLE = YES;
				MTL_ENABLE_DEBUG_INFO = NO;
				MTL_FAST_MATH = YES;
				SDKROOT = appletvos;
				SWIFT_COMPILATION_MODE = wholemodule;
				SWIFT_OPTIMIZATION_LEVEL = "-O";
				TVOS_DEPLOYMENT_TARGET = 12.1;
				VALIDATE_PRODUCT = YES;
			};
			name = Release;
		};
		76608BB222130E230023C29C /* Debug */ = {
			isa = XCBuildConfiguration;
			buildSettings = {
				ASSETCATALOG_COMPILER_APPICON_NAME = "App Icon & Top Shelf Image";
				ASSETCATALOG_COMPILER_LAUNCHIMAGE_NAME = "Launch Image";
				CODE_SIGN_STYLE = Automatic;
				DEVELOPMENT_TEAM = AYH9NYMQ3Y;
				INFOPLIST_FILE = "ChaoticHotel-TvOS/Info.plist";
				LD_RUNPATH_SEARCH_PATHS = (
					"$(inherited)",
					"@executable_path/Frameworks",
				);
				PRODUCT_BUNDLE_IDENTIFIER = "com.ffstudio.ChaoticHotel-TvOS";
				PRODUCT_NAME = "$(TARGET_NAME)";
				SWIFT_VERSION = 4.2;
				TARGETED_DEVICE_FAMILY = 3;
			};
			name = Debug;
		};
		76608BB322130E230023C29C /* Release */ = {
			isa = XCBuildConfiguration;
			buildSettings = {
				ASSETCATALOG_COMPILER_APPICON_NAME = "App Icon & Top Shelf Image";
				ASSETCATALOG_COMPILER_LAUNCHIMAGE_NAME = "Launch Image";
				CODE_SIGN_STYLE = Automatic;
				DEVELOPMENT_TEAM = AYH9NYMQ3Y;
				INFOPLIST_FILE = "ChaoticHotel-TvOS/Info.plist";
				LD_RUNPATH_SEARCH_PATHS = (
					"$(inherited)",
					"@executable_path/Frameworks",
				);
				PRODUCT_BUNDLE_IDENTIFIER = "com.ffstudio.ChaoticHotel-TvOS";
				PRODUCT_NAME = "$(TARGET_NAME)";
				SWIFT_VERSION = 4.2;
				TARGETED_DEVICE_FAMILY = 3;
			};
			name = Release;
		};
/* End XCBuildConfiguration section */

/* Begin XCConfigurationList section */
		76608B9722130E210023C29C /* Build configuration list for PBXProject "ChaoticHotel-TvOS" */ = {
			isa = XCConfigurationList;
			buildConfigurations = (
				76608BAF22130E230023C29C /* Debug */,
				76608BB022130E230023C29C /* Release */,
			);
			defaultConfigurationIsVisible = 0;
			defaultConfigurationName = Release;
		};
		76608BB122130E230023C29C /* Build configuration list for PBXNativeTarget "ChaoticHotel-TvOS" */ = {
			isa = XCConfigurationList;
			buildConfigurations = (
				76608BB222130E230023C29C /* Debug */,
				76608BB322130E230023C29C /* Release */,
			);
			defaultConfigurationIsVisible = 0;
			defaultConfigurationName = Release;
		};
/* End XCConfigurationList section */
	};
	rootObject = 76608B9422130E210023C29C /* Project object */;
}
