
			defaultConfigurationIsVisible = 0;
			defaultConfigurationName = Release;
		};
		76608BB122130E230023C29C /* Build configuration list for PBXNativeTarget "ChaoticHotel-TvOS" */ = {
			isa = XCConfigurationList;
			buildConfigurations = (
				76608BB222130E230023C29C /* Debug */,
				76608BB322130E230023C29C /* Release */,
			);
			defaultConfigurationIsVisible = 0;
			defaultConfigurationName = Release;
		};
/* End XCConfigurationList section */
	};
	rootObject = 76608B9422130E210023C29C /* Project object */;
}

				DEVELOPMENT_TEAM = AYH9NYMQ3Y;
			defaultConfigurationIsVisible = 0;
			defaultConfigurationName = Release;
		};
		76608BB122130E230023C29C /* Build configuration list for PBXNativeTarget "ChaoticHotel-TvOS" */ = {
			isa = XCConfigurationList;
			buildConfigurations = (
				76608BB222130E230023C29C /* Debug */,
				76608BB322130E230023C29C /* Release */,
			);
			defaultConfigurationIsVisible = 0;
			defaultConfigurationName = Release;
		};
/* End XCConfigurationList section */
	};
	rootObject = 76608B9422130E210023C29C /* Project object */;
}
